// !$*UTF8*$!
{
	archiveVersion = 1;
	classes = {
	};
	objectVersion = 46;
	objects = {

/* Begin PBXBuildFile section */
		220AE49D0B9AF7100D098B5F /* Pods_Snap.framework in Frameworks */ = {isa = PBXBuildFile; fileRef = A1EE65C69AB873973E5AD4B3 /* Pods_Snap.framework */; };
		37467CDE1E45ABE1001B7A77 /* AppDelegate.swift in Sources */ = {isa = PBXBuildFile; fileRef = 37467CDD1E45ABE1001B7A77 /* AppDelegate.swift */; };
		37467CE01E45ABE1001B7A77 /* MainViewController.swift in Sources */ = {isa = PBXBuildFile; fileRef = 37467CDF1E45ABE1001B7A77 /* MainViewController.swift */; };
		37467CE31E45ABE1001B7A77 /* Main.storyboard in Resources */ = {isa = PBXBuildFile; fileRef = 37467CE11E45ABE1001B7A77 /* Main.storyboard */; };
		37467CE51E45ABE1001B7A77 /* Assets.xcassets in Resources */ = {isa = PBXBuildFile; fileRef = 37467CE41E45ABE1001B7A77 /* Assets.xcassets */; };
		37467CE81E45ABE1001B7A77 /* LaunchScreen.storyboard in Resources */ = {isa = PBXBuildFile; fileRef = 37467CE61E45ABE1001B7A77 /* LaunchScreen.storyboard */; };
		37C9E60F1E45B166002F2021 /* MultipleColumnLayoutAttributes.swift in Sources */ = {isa = PBXBuildFile; fileRef = 37C9E60B1E45B166002F2021 /* MultipleColumnLayoutAttributes.swift */; };
		37C9E6101E45B166002F2021 /* Photo.swift in Sources */ = {isa = PBXBuildFile; fileRef = 37C9E60C1E45B166002F2021 /* Photo.swift */; };
		37C9E6111E45B166002F2021 /* PhotoCaptionCell.swift in Sources */ = {isa = PBXBuildFile; fileRef = 37C9E60D1E45B166002F2021 /* PhotoCaptionCell.swift */; };
		37C9E6121E45B166002F2021 /* UIView+Extensions.swift in Sources */ = {isa = PBXBuildFile; fileRef = 37C9E60E1E45B166002F2021 /* UIView+Extensions.swift */; };
		37C9E6141E45B203002F2021 /* DeviceResize.swift in Sources */ = {isa = PBXBuildFile; fileRef = 37C9E6131E45B203002F2021 /* DeviceResize.swift */; };
		37C9E6161E45B246002F2021 /* MainCollectionViewController.swift in Sources */ = {isa = PBXBuildFile; fileRef = 37C9E6151E45B246002F2021 /* MainCollectionViewController.swift */; };
		EFC11B8D1E46175C006B15D0 /* DetailPhotographer.storyboard in Resources */ = {isa = PBXBuildFile; fileRef = EFC11B801E46175C006B15D0 /* DetailPhotographer.storyboard */; };
		EFC11B8F1E46175C006B15D0 /* DetailVC.swift in Sources */ = {isa = PBXBuildFile; fileRef = EFC11B821E46175C006B15D0 /* DetailVC.swift */; };
		EFC11B901E46175C006B15D0 /* PhotoCell.swift in Sources */ = {isa = PBXBuildFile; fileRef = EFC11B831E46175C006B15D0 /* PhotoCell.swift */; };
		EFC11B911E46175C006B15D0 /* PhotographerInfoVC.swift in Sources */ = {isa = PBXBuildFile; fileRef = EFC11B841E46175C006B15D0 /* PhotographerInfoVC.swift */; };
		EFC11B931E46175C006B15D0 /* profileImage.png in Resources */ = {isa = PBXBuildFile; fileRef = EFC11B861E46175C006B15D0 /* profileImage.png */; };
		EFC11B941E46175C006B15D0 /* logoGoogle.png in Resources */ = {isa = PBXBuildFile; fileRef = EFC11B871E46175C006B15D0 /* logoGoogle.png */; };
		EFC11B951E46175C006B15D0 /* photoSample_1.jpg in Resources */ = {isa = PBXBuildFile; fileRef = EFC11B881E46175C006B15D0 /* photoSample_1.jpg */; };
		EFC11B961E46175C006B15D0 /* photoSample_2.jpg in Resources */ = {isa = PBXBuildFile; fileRef = EFC11B891E46175C006B15D0 /* photoSample_2.jpg */; };
		EFC11B971E46175C006B15D0 /* photoSample_3.jpg in Resources */ = {isa = PBXBuildFile; fileRef = EFC11B8A1E46175C006B15D0 /* photoSample_3.jpg */; };
		EFC11B981E46175C006B15D0 /* photoSample_4.jpg in Resources */ = {isa = PBXBuildFile; fileRef = EFC11B8B1E46175C006B15D0 /* photoSample_4.jpg */; };
		EFC11B991E46175C006B15D0 /* photoSample_5.jpg in Resources */ = {isa = PBXBuildFile; fileRef = EFC11B8C1E46175C006B15D0 /* photoSample_5.jpg */; };
		EFC11B9E1E461FAF006B15D0 /* buttonBack.png in Resources */ = {isa = PBXBuildFile; fileRef = EFC11B9D1E461FAF006B15D0 /* buttonBack.png */; };
		EFC11BA61E464FBF006B15D0 /* ReviewVC.swift in Sources */ = {isa = PBXBuildFile; fileRef = EFC11BA41E464FBF006B15D0 /* ReviewVC.swift */; };
		EFC11BA71E464FBF006B15D0 /* ReviewCell.swift in Sources */ = {isa = PBXBuildFile; fileRef = EFC11BA51E464FBF006B15D0 /* ReviewCell.swift */; };
		EFC11BA91E465056006B15D0 /* profileUser.png in Resources */ = {isa = PBXBuildFile; fileRef = EFC11BA81E465056006B15D0 /* profileUser.png */; };
		EFC11BAB1E4656E1006B15D0 /* PostReviewVC.swift in Sources */ = {isa = PBXBuildFile; fileRef = EFC11BAA1E4656E1006B15D0 /* PostReviewVC.swift */; };
		EFC11BAD1E4658AD006B15D0 /* ShadyImageView.swift in Sources */ = {isa = PBXBuildFile; fileRef = EFC11BAC1E4658AD006B15D0 /* ShadyImageView.swift */; };
		EFC11BAF1E466F52006B15D0 /* IntroVC.swift in Sources */ = {isa = PBXBuildFile; fileRef = EFC11BAE1E466F52006B15D0 /* IntroVC.swift */; };
		EFC11BB21E4677A0006B15D0 /* starDisable.png in Resources */ = {isa = PBXBuildFile; fileRef = EFC11BB01E4677A0006B15D0 /* starDisable.png */; };
		EFC11BB51E4679A0006B15D0 /* starActive.png in Resources */ = {isa = PBXBuildFile; fileRef = EFC11BB41E4679A0006B15D0 /* starActive.png */; };
/* End PBXBuildFile section */

/* Begin PBXFileReference section */
		005C77DD5F1734A1FE7EF3B4 /* Pods-Snap.release.xcconfig */ = {isa = PBXFileReference; includeInIndex = 1; lastKnownFileType = text.xcconfig; name = "Pods-Snap.release.xcconfig"; path = "Pods/Target Support Files/Pods-Snap/Pods-Snap.release.xcconfig"; sourceTree = "<group>"; };
		37467CDA1E45ABE1001B7A77 /* Snap.app */ = {isa = PBXFileReference; explicitFileType = wrapper.application; includeInIndex = 0; path = Snap.app; sourceTree = BUILT_PRODUCTS_DIR; };
		37467CDD1E45ABE1001B7A77 /* AppDelegate.swift */ = {isa = PBXFileReference; lastKnownFileType = sourcecode.swift; path = AppDelegate.swift; sourceTree = "<group>"; };
		37467CDF1E45ABE1001B7A77 /* MainViewController.swift */ = {isa = PBXFileReference; lastKnownFileType = sourcecode.swift; path = MainViewController.swift; sourceTree = "<group>"; };
		37467CE21E45ABE1001B7A77 /* Base */ = {isa = PBXFileReference; lastKnownFileType = file.storyboard; name = Base; path = Base.lproj/Main.storyboard; sourceTree = "<group>"; };
		37467CE41E45ABE1001B7A77 /* Assets.xcassets */ = {isa = PBXFileReference; lastKnownFileType = folder.assetcatalog; path = Assets.xcassets; sourceTree = "<group>"; };
		37467CE71E45ABE1001B7A77 /* Base */ = {isa = PBXFileReference; lastKnownFileType = file.storyboard; name = Base; path = Base.lproj/LaunchScreen.storyboard; sourceTree = "<group>"; };
		37467CE91E45ABE1001B7A77 /* Info.plist */ = {isa = PBXFileReference; lastKnownFileType = text.plist.xml; path = Info.plist; sourceTree = "<group>"; };
		37C9E60B1E45B166002F2021 /* MultipleColumnLayoutAttributes.swift */ = {isa = PBXFileReference; fileEncoding = 4; lastKnownFileType = sourcecode.swift; path = MultipleColumnLayoutAttributes.swift; sourceTree = "<group>"; };
		37C9E60C1E45B166002F2021 /* Photo.swift */ = {isa = PBXFileReference; fileEncoding = 4; lastKnownFileType = sourcecode.swift; path = Photo.swift; sourceTree = "<group>"; };
		37C9E60D1E45B166002F2021 /* PhotoCaptionCell.swift */ = {isa = PBXFileReference; fileEncoding = 4; lastKnownFileType = sourcecode.swift; path = PhotoCaptionCell.swift; sourceTree = "<group>"; };
		37C9E60E1E45B166002F2021 /* UIView+Extensions.swift */ = {isa = PBXFileReference; fileEncoding = 4; lastKnownFileType = sourcecode.swift; path = "UIView+Extensions.swift"; sourceTree = "<group>"; };
		37C9E6131E45B203002F2021 /* DeviceResize.swift */ = {isa = PBXFileReference; fileEncoding = 4; lastKnownFileType = sourcecode.swift; path = DeviceResize.swift; sourceTree = "<group>"; };
		37C9E6151E45B246002F2021 /* MainCollectionViewController.swift */ = {isa = PBXFileReference; fileEncoding = 4; lastKnownFileType = sourcecode.swift; path = MainCollectionViewController.swift; sourceTree = "<group>"; };
		A1EE65C69AB873973E5AD4B3 /* Pods_Snap.framework */ = {isa = PBXFileReference; explicitFileType = wrapper.framework; includeInIndex = 0; path = Pods_Snap.framework; sourceTree = BUILT_PRODUCTS_DIR; };
		A206C652FD1C8525B9C58EDE /* Pods-Snap.debug.xcconfig */ = {isa = PBXFileReference; includeInIndex = 1; lastKnownFileType = text.xcconfig; name = "Pods-Snap.debug.xcconfig"; path = "Pods/Target Support Files/Pods-Snap/Pods-Snap.debug.xcconfig"; sourceTree = "<group>"; };
		EFC11B801E46175C006B15D0 /* DetailPhotographer.storyboard */ = {isa = PBXFileReference; fileEncoding = 4; lastKnownFileType = file.storyboard; path = DetailPhotographer.storyboard; sourceTree = "<group>"; };
		EFC11B821E46175C006B15D0 /* DetailVC.swift */ = {isa = PBXFileReference; fileEncoding = 4; lastKnownFileType = sourcecode.swift; path = DetailVC.swift; sourceTree = "<group>"; };
		EFC11B831E46175C006B15D0 /* PhotoCell.swift */ = {isa = PBXFileReference; fileEncoding = 4; lastKnownFileType = sourcecode.swift; path = PhotoCell.swift; sourceTree = "<group>"; };
		EFC11B841E46175C006B15D0 /* PhotographerInfoVC.swift */ = {isa = PBXFileReference; fileEncoding = 4; lastKnownFileType = sourcecode.swift; path = PhotographerInfoVC.swift; sourceTree = "<group>"; };
		EFC11B861E46175C006B15D0 /* profileImage.png */ = {isa = PBXFileReference; lastKnownFileType = image.png; path = profileImage.png; sourceTree = "<group>"; };
		EFC11B871E46175C006B15D0 /* logoGoogle.png */ = {isa = PBXFileReference; lastKnownFileType = image.png; path = logoGoogle.png; sourceTree = "<group>"; };
		EFC11B881E46175C006B15D0 /* photoSample_1.jpg */ = {isa = PBXFileReference; lastKnownFileType = image.jpeg; path = photoSample_1.jpg; sourceTree = "<group>"; };
		EFC11B891E46175C006B15D0 /* photoSample_2.jpg */ = {isa = PBXFileReference; lastKnownFileType = image.jpeg; path = photoSample_2.jpg; sourceTree = "<group>"; };
		EFC11B8A1E46175C006B15D0 /* photoSample_3.jpg */ = {isa = PBXFileReference; lastKnownFileType = image.jpeg; path = photoSample_3.jpg; sourceTree = "<group>"; };
		EFC11B8B1E46175C006B15D0 /* photoSample_4.jpg */ = {isa = PBXFileReference; lastKnownFileType = image.jpeg; path = photoSample_4.jpg; sourceTree = "<group>"; };
		EFC11B8C1E46175C006B15D0 /* photoSample_5.jpg */ = {isa = PBXFileReference; lastKnownFileType = image.jpeg; path = photoSample_5.jpg; sourceTree = "<group>"; };
		EFC11B9D1E461FAF006B15D0 /* buttonBack.png */ = {isa = PBXFileReference; lastKnownFileType = image.png; path = buttonBack.png; sourceTree = "<group>"; };
		EFC11BA41E464FBF006B15D0 /* ReviewVC.swift */ = {isa = PBXFileReference; fileEncoding = 4; lastKnownFileType = sourcecode.swift; path = ReviewVC.swift; sourceTree = "<group>"; };
		EFC11BA51E464FBF006B15D0 /* ReviewCell.swift */ = {isa = PBXFileReference; fileEncoding = 4; lastKnownFileType = sourcecode.swift; path = ReviewCell.swift; sourceTree = "<group>"; };
		EFC11BA81E465056006B15D0 /* profileUser.png */ = {isa = PBXFileReference; lastKnownFileType = image.png; path = profileUser.png; sourceTree = "<group>"; };
		EFC11BAA1E4656E1006B15D0 /* PostReviewVC.swift */ = {isa = PBXFileReference; fileEncoding = 4; lastKnownFileType = sourcecode.swift; path = PostReviewVC.swift; sourceTree = "<group>"; };
		EFC11BAC1E4658AD006B15D0 /* ShadyImageView.swift */ = {isa = PBXFileReference; fileEncoding = 4; lastKnownFileType = sourcecode.swift; path = ShadyImageView.swift; sourceTree = "<group>"; };
		EFC11BAE1E466F52006B15D0 /* IntroVC.swift */ = {isa = PBXFileReference; fileEncoding = 4; lastKnownFileType = sourcecode.swift; path = IntroVC.swift; sourceTree = "<group>"; };
		EFC11BB01E4677A0006B15D0 /* starDisable.png */ = {isa = PBXFileReference; lastKnownFileType = image.png; path = starDisable.png; sourceTree = "<group>"; };
		EFC11BB41E4679A0006B15D0 /* starActive.png */ = {isa = PBXFileReference; lastKnownFileType = image.png; path = starActive.png; sourceTree = "<group>"; };
/* End PBXFileReference section */

/* Begin PBXFrameworksBuildPhase section */
		37467CD71E45ABE1001B7A77 /* Frameworks */ = {
			isa = PBXFrameworksBuildPhase;
			buildActionMask = 2147483647;
			files = (
				220AE49D0B9AF7100D098B5F /* Pods_Snap.framework in Frameworks */,
			);
			runOnlyForDeploymentPostprocessing = 0;
		};
/* End PBXFrameworksBuildPhase section */

/* Begin PBXGroup section */
		37467CD11E45ABE1001B7A77 = {
			isa = PBXGroup;
			children = (
				37467CDC1E45ABE1001B7A77 /* Snap */,
				37467CDB1E45ABE1001B7A77 /* Products */,
				447F7ADB42A509D1BCCF1155 /* Pods */,
				EAD048A8BF36A8C9E1E0E137 /* Frameworks */,
			);
			sourceTree = "<group>";
		};
		37467CDB1E45ABE1001B7A77 /* Products */ = {
			isa = PBXGroup;
			children = (
				37467CDA1E45ABE1001B7A77 /* Snap.app */,
			);
			name = Products;
			sourceTree = "<group>";
		};
		37467CDC1E45ABE1001B7A77 /* Snap */ = {
			isa = PBXGroup;
			children = (
				EFC11B7F1E461751006B15D0 /* Goodnews */,
				37C9E6191E45B696002F2021 /* CollectionPhoto */,
				37467CDD1E45ABE1001B7A77 /* AppDelegate.swift */,
				37467CDF1E45ABE1001B7A77 /* MainViewController.swift */,
				37C9E6131E45B203002F2021 /* DeviceResize.swift */,
				37C9E6151E45B246002F2021 /* MainCollectionViewController.swift */,
				37467CE11E45ABE1001B7A77 /* Main.storyboard */,
				EFC11BAE1E466F52006B15D0 /* IntroVC.swift */,
				37467CE41E45ABE1001B7A77 /* Assets.xcassets */,
				37467CE61E45ABE1001B7A77 /* LaunchScreen.storyboard */,
				37467CE91E45ABE1001B7A77 /* Info.plist */,
			);
			path = Snap;
			sourceTree = "<group>";
		};
		37C9E6191E45B696002F2021 /* CollectionPhoto */ = {
			isa = PBXGroup;
			children = (
				37C9E60B1E45B166002F2021 /* MultipleColumnLayoutAttributes.swift */,
				37C9E60C1E45B166002F2021 /* Photo.swift */,
				37C9E60D1E45B166002F2021 /* PhotoCaptionCell.swift */,
				37C9E60E1E45B166002F2021 /* UIView+Extensions.swift */,
			);
			name = CollectionPhoto;
			sourceTree = "<group>";
		};
		447F7ADB42A509D1BCCF1155 /* Pods */ = {
			isa = PBXGroup;
			children = (
				A206C652FD1C8525B9C58EDE /* Pods-Snap.debug.xcconfig */,
				005C77DD5F1734A1FE7EF3B4 /* Pods-Snap.release.xcconfig */,
			);
			name = Pods;
			sourceTree = "<group>";
		};
		EAD048A8BF36A8C9E1E0E137 /* Frameworks */ = {
			isa = PBXGroup;
			children = (
				A1EE65C69AB873973E5AD4B3 /* Pods_Snap.framework */,
			);
			name = Frameworks;
			sourceTree = "<group>";
		};
		EFC11B7F1E461751006B15D0 /* Goodnews */ = {
			isa = PBXGroup;
			children = (
				EFC11B9A1E461774006B15D0 /* Resources */,
				EFC11B801E46175C006B15D0 /* DetailPhotographer.storyboard */,
				EFC11B821E46175C006B15D0 /* DetailVC.swift */,
				EFC11B831E46175C006B15D0 /* PhotoCell.swift */,
				EFC11B841E46175C006B15D0 /* PhotographerInfoVC.swift */,
				EFC11BA41E464FBF006B15D0 /* ReviewVC.swift */,
				EFC11BAA1E4656E1006B15D0 /* PostReviewVC.swift */,
				EFC11BA51E464FBF006B15D0 /* ReviewCell.swift */,
				EFC11BAC1E4658AD006B15D0 /* ShadyImageView.swift */,
			);
			name = Goodnews;
			sourceTree = "<group>";
		};
		EFC11B9A1E461774006B15D0 /* Resources */ = {
			isa = PBXGroup;
			children = (
				EFC11BA81E465056006B15D0 /* profileUser.png */,
				EFC11B861E46175C006B15D0 /* profileImage.png */,
				EFC11B871E46175C006B15D0 /* logoGoogle.png */,
				EFC11B881E46175C006B15D0 /* photoSample_1.jpg */,
				EFC11B891E46175C006B15D0 /* photoSample_2.jpg */,
				EFC11B8A1E46175C006B15D0 /* photoSample_3.jpg */,
				EFC11B8B1E46175C006B15D0 /* photoSample_4.jpg */,
				EFC11B8C1E46175C006B15D0 /* photoSample_5.jpg */,
				EFC11B9D1E461FAF006B15D0 /* buttonBack.png */,
				EFC11BB41E4679A0006B15D0 /* starActive.png */,
				EFC11BB01E4677A0006B15D0 /* starDisable.png */,
			);
			name = Resources;
			sourceTree = "<group>";
		};
/* End PBXGroup section */

/* Begin PBXNativeTarget section */
		37467CD91E45ABE1001B7A77 /* Snap */ = {
			isa = PBXNativeTarget;
			buildConfigurationList = 37467CEC1E45ABE1001B7A77 /* Build configuration list for PBXNativeTarget "Snap" */;
			buildPhases = (
				C95520641325532B5478A913 /* [CP] Check Pods Manifest.lock */,
				37467CD61E45ABE1001B7A77 /* Sources */,
				37467CD71E45ABE1001B7A77 /* Frameworks */,
				37467CD81E45ABE1001B7A77 /* Resources */,
				2149A33EEA6E1C3FF2D2B7BD /* [CP] Embed Pods Frameworks */,
				CBBA95935C329DB59A359508 /* [CP] Copy Pods Resources */,
			);
			buildRules = (
			);
			dependencies = (
			);
			name = Snap;
			productName = Snap;
			productReference = 37467CDA1E45ABE1001B7A77 /* Snap.app */;
			productType = "com.apple.product-type.application";
		};
/* End PBXNativeTarget section */

/* Begin PBXProject section */
		37467CD21E45ABE1001B7A77 /* Project object */ = {
			isa = PBXProject;
			attributes = {
				LastSwiftUpdateCheck = 0820;
				LastUpgradeCheck = 0820;
				ORGANIZATIONNAME = jeon;
				TargetAttributes = {
					37467CD91E45ABE1001B7A77 = {
						CreatedOnToolsVersion = 8.2.1;
						DevelopmentTeam = 537GQ2WKJ4;
						LastSwiftMigration = 0820;
						ProvisioningStyle = Automatic;
					};
				};
			};
			buildConfigurationList = 37467CD51E45ABE1001B7A77 /* Build configuration list for PBXProject "Snap" */;
			compatibilityVersion = "Xcode 3.2";
			developmentRegion = English;
			hasScannedForEncodings = 0;
			knownRegions = (
				en,
				Base,
			);
			mainGroup = 37467CD11E45ABE1001B7A77;
			productRefGroup = 37467CDB1E45ABE1001B7A77 /* Products */;
			projectDirPath = "";
			projectRoot = "";
			targets = (
				37467CD91E45ABE1001B7A77 /* Snap */,
			);
		};
/* End PBXProject section */

/* Begin PBXResourcesBuildPhase section */
		37467CD81E45ABE1001B7A77 /* Resources */ = {
			isa = PBXResourcesBuildPhase;
			buildActionMask = 2147483647;
			files = (
				EFC11B951E46175C006B15D0 /* photoSample_1.jpg in Resources */,
				EFC11B971E46175C006B15D0 /* photoSample_3.jpg in Resources */,
				37467CE81E45ABE1001B7A77 /* LaunchScreen.storyboard in Resources */,
				37467CE51E45ABE1001B7A77 /* Assets.xcassets in Resources */,
				EFC11BA91E465056006B15D0 /* profileUser.png in Resources */,
				EFC11B991E46175C006B15D0 /* photoSample_5.jpg in Resources */,
				EFC11BB21E4677A0006B15D0 /* starDisable.png in Resources */,
				EFC11B8D1E46175C006B15D0 /* DetailPhotographer.storyboard in Resources */,
				EFC11B9E1E461FAF006B15D0 /* buttonBack.png in Resources */,
				EFC11B931E46175C006B15D0 /* profileImage.png in Resources */,
				EFC11B961E46175C006B15D0 /* photoSample_2.jpg in Resources */,
				EFC11B981E46175C006B15D0 /* photoSample_4.jpg in Resources */,
				37467CE31E45ABE1001B7A77 /* Main.storyboard in Resources */,
				EFC11B941E46175C006B15D0 /* logoGoogle.png in Resources */,
				EFC11BB51E4679A0006B15D0 /* starActive.png in Resources */,
			);
			runOnlyForDeploymentPostprocessing = 0;
		};
/* End PBXResourcesBuildPhase section */

/* Begin PBXShellScriptBuildPhase section */
		2149A33EEA6E1C3FF2D2B7BD /* [CP] Embed Pods Frameworks */ = {
			isa = PBXShellScriptBuildPhase;
			buildActionMask = 2147483647;
			files = (
			);
			inputPaths = (
			);
			name = "[CP] Embed Pods Frameworks";
			outputPaths = (
			);
			runOnlyForDeploymentPostprocessing = 0;
			shellPath = /bin/sh;
			shellScript = "\"${SRCROOT}/Pods/Target Support Files/Pods-Snap/Pods-Snap-frameworks.sh\"\n";
			showEnvVarsInLog = 0;
		};
		C95520641325532B5478A913 /* [CP] Check Pods Manifest.lock */ = {
			isa = PBXShellScriptBuildPhase;
			buildActionMask = 2147483647;
			files = (
			);
			inputPaths = (
			);
			name = "[CP] Check Pods Manifest.lock";
			outputPaths = (
			);
			runOnlyForDeploymentPostprocessing = 0;
			shellPath = /bin/sh;
			shellScript = "diff \"${PODS_ROOT}/../Podfile.lock\" \"${PODS_ROOT}/Manifest.lock\" > /dev/null\nif [[ $? != 0 ]] ; then\n    cat << EOM\nerror: The sandbox is not in sync with the Podfile.lock. Run 'pod install' or update your CocoaPods installation.\nEOM\n    exit 1\nfi\n";
			showEnvVarsInLog = 0;
		};
		CBBA95935C329DB59A359508 /* [CP] Copy Pods Resources */ = {
			isa = PBXShellScriptBuildPhase;
			buildActionMask = 2147483647;
			files = (
			);
			inputPaths = (
			);
			name = "[CP] Copy Pods Resources";
			outputPaths = (
			);
			runOnlyForDeploymentPostprocessing = 0;
			shellPath = /bin/sh;
			shellScript = "\"${SRCROOT}/Pods/Target Support Files/Pods-Snap/Pods-Snap-resources.sh\"\n";
			showEnvVarsInLog = 0;
		};
/* End PBXShellScriptBuildPhase section */

/* Begin PBXSourcesBuildPhase section */
		37467CD61E45ABE1001B7A77 /* Sources */ = {
			isa = PBXSourcesBuildPhase;
			buildActionMask = 2147483647;
			files = (
				37C9E6141E45B203002F2021 /* DeviceResize.swift in Sources */,
				37C9E6121E45B166002F2021 /* UIView+Extensions.swift in Sources */,
				37C9E6101E45B166002F2021 /* Photo.swift in Sources */,
				37C9E6161E45B246002F2021 /* MainCollectionViewController.swift in Sources */,
				EFC11BAB1E4656E1006B15D0 /* PostReviewVC.swift in Sources */,
				EFC11BA61E464FBF006B15D0 /* ReviewVC.swift in Sources */,
				37467CE01E45ABE1001B7A77 /* MainViewController.swift in Sources */,
				EFC11B8F1E46175C006B15D0 /* DetailVC.swift in Sources */,
				37467CDE1E45ABE1001B7A77 /* AppDelegate.swift in Sources */,
				37C9E60F1E45B166002F2021 /* MultipleColumnLayoutAttributes.swift in Sources */,
				EFC11B901E46175C006B15D0 /* PhotoCell.swift in Sources */,
				EFC11BA71E464FBF006B15D0 /* ReviewCell.swift in Sources */,
				37C9E6111E45B166002F2021 /* PhotoCaptionCell.swift in Sources */,
				EFC11BAF1E466F52006B15D0 /* IntroVC.swift in Sources */,
				EFC11BAD1E4658AD006B15D0 /* ShadyImageView.swift in Sources */,
				EFC11B911E46175C006B15D0 /* PhotographerInfoVC.swift in Sources */,
			);
			runOnlyForDeploymentPostprocessing = 0;
		};
/* End PBXSourcesBuildPhase section */

/* Begin PBXVariantGroup section */
		37467CE11E45ABE1001B7A77 /* Main.storyboard */ = {
			isa = PBXVariantGroup;
			children = (
				37467CE21E45ABE1001B7A77 /* Base */,
			);
			name = Main.storyboard;
			sourceTree = "<group>";
		};
		37467CE61E45ABE1001B7A77 /* LaunchScreen.storyboard */ = {
			isa = PBXVariantGroup;
			children = (
				37467CE71E45ABE1001B7A77 /* Base */,
			);
			name = LaunchScreen.storyboard;
			sourceTree = "<group>";
		};
/* End PBXVariantGroup section */

/* Begin XCBuildConfiguration section */
		37467CEA1E45ABE1001B7A77 /* Debug */ = {
			isa = XCBuildConfiguration;
			buildSettings = {
				ALWAYS_SEARCH_USER_PATHS = NO;
				CLANG_ANALYZER_NONNULL = YES;
				CLANG_CXX_LANGUAGE_STANDARD = "gnu++0x";
				CLANG_CXX_LIBRARY = "libc++";
				CLANG_ENABLE_MODULES = YES;
				CLANG_ENABLE_OBJC_ARC = YES;
				CLANG_WARN_BOOL_CONVERSION = YES;
				CLANG_WARN_CONSTANT_CONVERSION = YES;
				CLANG_WARN_DIRECT_OBJC_ISA_USAGE = YES_ERROR;
				CLANG_WARN_DOCUMENTATION_COMMENTS = YES;
				CLANG_WARN_EMPTY_BODY = YES;
				CLANG_WARN_ENUM_CONVERSION = YES;
				CLANG_WARN_INFINITE_RECURSION = YES;
				CLANG_WARN_INT_CONVERSION = YES;
				CLANG_WARN_OBJC_ROOT_CLASS = YES_ERROR;
				CLANG_WARN_SUSPICIOUS_MOVE = YES;
				CLANG_WARN_UNREACHABLE_CODE = YES;
				CLANG_WARN__DUPLICATE_METHOD_MATCH = YES;
				"CODE_SIGN_IDENTITY[sdk=iphoneos*]" = "iPhone Developer";
				COPY_PHASE_STRIP = NO;
				DEBUG_INFORMATION_FORMAT = dwarf;
				ENABLE_STRICT_OBJC_MSGSEND = YES;
				ENABLE_TESTABILITY = YES;
				GCC_C_LANGUAGE_STANDARD = gnu99;
				GCC_DYNAMIC_NO_PIC = NO;
				GCC_NO_COMMON_BLOCKS = YES;
				GCC_OPTIMIZATION_LEVEL = 0;
				GCC_PREPROCESSOR_DEFINITIONS = (
					"DEBUG=1",
					"$(inherited)",
				);
				GCC_WARN_64_TO_32_BIT_CONVERSION = YES;
				GCC_WARN_ABOUT_RETURN_TYPE = YES_ERROR;
				GCC_WARN_UNDECLARED_SELECTOR = YES;
				GCC_WARN_UNINITIALIZED_AUTOS = YES_AGGRESSIVE;
				GCC_WARN_UNUSED_FUNCTION = YES;
				GCC_WARN_UNUSED_VARIABLE = YES;
				IPHONEOS_DEPLOYMENT_TARGET = 10.2;
				MTL_ENABLE_DEBUG_INFO = YES;
				ONLY_ACTIVE_ARCH = YES;
				SDKROOT = iphoneos;
				SWIFT_ACTIVE_COMPILATION_CONDITIONS = DEBUG;
				SWIFT_OPTIMIZATION_LEVEL = "-Onone";
			};
			name = Debug;
		};
		37467CEB1E45ABE1001B7A77 /* Release */ = {
			isa = XCBuildConfiguration;
			buildSettings = {
				ALWAYS_SEARCH_USER_PATHS = NO;
				CLANG_ANALYZER_NONNULL = YES;
				CLANG_CXX_LANGUAGE_STANDARD = "gnu++0x";
				CLANG_CXX_LIBRARY = "libc++";
				CLANG_ENABLE_MODULES = YES;
				CLANG_ENABLE_OBJC_ARC = YES;
				CLANG_WARN_BOOL_CONVERSION = YES;
				CLANG_WARN_CONSTANT_CONVERSION = YES;
				CLANG_WARN_DIRECT_OBJC_ISA_USAGE = YES_ERROR;
				CLANG_WARN_DOCUMENTATION_COMMENTS = YES;
				CLANG_WARN_EMPTY_BODY = YES;
				CLANG_WARN_ENUM_CONVERSION = YES;
				CLANG_WARN_INFINITE_RECURSION = YES;
				CLANG_WARN_INT_CONVERSION = YES;
				CLANG_WARN_OBJC_ROOT_CLASS = YES_ERROR;
				CLANG_WARN_SUSPICIOUS_MOVE = YES;
				CLANG_WARN_UNREACHABLE_CODE = YES;
				CLANG_WARN__DUPLICATE_METHOD_MATCH = YES;
				"CODE_SIGN_IDENTITY[sdk=iphoneos*]" = "iPhone Developer";
				COPY_PHASE_STRIP = NO;
				DEBUG_INFORMATION_FORMAT = "dwarf-with-dsym";
				ENABLE_NS_ASSERTIONS = NO;
				ENABLE_STRICT_OBJC_MSGSEND = YES;
				GCC_C_LANGUAGE_STANDARD = gnu99;
				GCC_NO_COMMON_BLOCKS = YES;
				GCC_WARN_64_TO_32_BIT_CONVERSION = YES;
				GCC_WARN_ABOUT_RETURN_TYPE = YES_ERROR;
				GCC_WARN_UNDECLARED_SELECTOR = YES;
				GCC_WARN_UNINITIALIZED_AUTOS = YES_AGGRESSIVE;
				GCC_WARN_UNUSED_FUNCTION = YES;
				GCC_WARN_UNUSED_VARIABLE = YES;
				IPHONEOS_DEPLOYMENT_TARGET = 10.2;
				MTL_ENABLE_DEBUG_INFO = NO;
				SDKROOT = iphoneos;
				SWIFT_OPTIMIZATION_LEVEL = "-Owholemodule";
				VALIDATE_PRODUCT = YES;
			};
			name = Release;
		};
		37467CED1E45ABE1001B7A77 /* Debug */ = {
			isa = XCBuildConfiguration;
			baseConfigurationReference = A206C652FD1C8525B9C58EDE /* Pods-Snap.debug.xcconfig */;
			buildSettings = {
				ASSETCATALOG_COMPILER_APPICON_NAME = AppIcon;
				DEVELOPMENT_TEAM = 537GQ2WKJ4;
				INFOPLIST_FILE = Snap/Info.plist;
				IPHONEOS_DEPLOYMENT_TARGET = 9.3;
				LD_RUNPATH_SEARCH_PATHS = "$(inherited) @executable_path/Frameworks";
				PRODUCT_BUNDLE_IDENTIFIER = com.jeon.Snap;
				PRODUCT_NAME = "$(TARGET_NAME)";
				SWIFT_VERSION = 3.0;
			};
			name = Debug;
		};
		37467CEE1E45ABE1001B7A77 /* Release */ = {
			isa = XCBuildConfiguration;
			baseConfigurationReference = 005C77DD5F1734A1FE7EF3B4 /* Pods-Snap.release.xcconfig */;
			buildSettings = {
				ASSETCATALOG_COMPILER_APPICON_NAME = AppIcon;
				DEVELOPMENT_TEAM = 537GQ2WKJ4;
				INFOPLIST_FILE = Snap/Info.plist;
				IPHONEOS_DEPLOYMENT_TARGET = 9.3;
				LD_RUNPATH_SEARCH_PATHS = "$(inherited) @executable_path/Frameworks";
				PRODUCT_BUNDLE_IDENTIFIER = com.jeon.Snap;
				PRODUCT_NAME = "$(TARGET_NAME)";
				SWIFT_VERSION = 3.0;
			};
			name = Release;
		};
/* End XCBuildConfiguration section */

/* Begin XCConfigurationList section */
		37467CD51E45ABE1001B7A77 /* Build configuration list for PBXProject "Snap" */ = {
			isa = XCConfigurationList;
			buildConfigurations = (
				37467CEA1E45ABE1001B7A77 /* Debug */,
				37467CEB1E45ABE1001B7A77 /* Release */,
			);
			defaultConfigurationIsVisible = 0;
			defaultConfigurationName = Release;
		};
		37467CEC1E45ABE1001B7A77 /* Build configuration list for PBXNativeTarget "Snap" */ = {
			isa = XCConfigurationList;
			buildConfigurations = (
				37467CED1E45ABE1001B7A77 /* Debug */,
				37467CEE1E45ABE1001B7A77 /* Release */,
			);
			defaultConfigurationIsVisible = 0;
			defaultConfigurationName = Release;
		};
/* End XCConfigurationList section */
	};
	rootObject = 37467CD21E45ABE1001B7A77 /* Project object */;
}
